<?xml version="1.0" encoding="UTF-8" standalone="yes" ?>
<CodeBlocks_project_file>
    <FileVersion major="1" minor="6" />
    <Project>
        <Option title="mtee" />
        <Option pch_mode="2" />
        <Option compiler="gcc" />
        <Build>
            <Target title="Debug">
                <Option output="../build/codeblocks/bin/Debug/mtee" prefix_auto="1" extension_auto="1" />
                <Option object_output="../build/codeblocks/obj/Debug/" />
                <Option type="1" />
                <Option compiler="gcc" />
                <Compiler>
                    <Add option="-g" />
                    <Add option="-D_DEBUG" />
                </Compiler>
            </Target>
            <Target title="Release">
                <Option output="../build/codeblocks/bin/Release/mtee" prefix_auto="1" extension_auto="1" />
                <Option object_output="../build/codeblocks/obj/Release/" />
                <Option type="1" />
                <Option compiler="gcc" />
                <Compiler>
                    <Add option="-O2" />
                </Compiler>
                <Linker>
                    <Add option="-s" />
                </Linker>
            </Target>
        </Build>
        <Compiler>
            <Add option="-Wall" />
            <Add option="-fexceptions" />
        </Compiler>
        <Unit filename="../source/args.cpp" />
        <Unit filename="../source/cpuload.cpp" />
        <Unit filename="../source/cpuload.h" />
        <Unit filename="../source/handler.cpp" />
        <Unit filename="../source/header.h" />
        <Unit filename="../source/help.cpp" />
        <Unit filename="../source/helpers.cpp" />
        <Unit filename="../source/main.cpp" />
        <Unit filename="../source/output.cpp" />
        <Unit filename="../source/perr.cpp" />
        <Extensions>
            <code_completion />
            <envvars />
            <debugger />
            <lib_finder disable_auto="1" />
        </Extensions>
    </Project>
</CodeBlocks_project_file>
