<?xml version="1.0" encoding="utf-8"?>
<Project ToolsVersion="4.0" xmlns="http://schemas.microsoft.com/developer/msbuild/2003">
  <ItemGroup>
    <Filter Include="Source">
      <UniqueIdentifier>{4FC737F1-C7A5-4376-A066-2A32D752A2FF}</UniqueIdentifier>
      <Extensions>cpp;c;cc;cxx;c++;def;odl;idl;hpj;bat;asm;asmx</Extensions>
    </Filter>
    <Filter Include="Headers">
      <UniqueIdentifier>{93995380-89BD-4b04-88EB-625FBE52EBFB}</UniqueIdentifier>
      <Extensions>h;hh;hpp;hxx;h++;hm;inl;inc;ipp;xsd</Extensions>
    </Filter>
    <Filter Include="Workflows">
      <UniqueIdentifier>{d94a4486-fc3b-4e5b-bf73-2d34975f9358}</UniqueIdentifier>
    </Filter>
  </ItemGroup>
  <ItemGroup>
    <ClCompile Include="..\args.cpp">
      <Filter>Source</Filter>
    </ClCompile>
    <ClCompile Include="..\cpuload.cpp">
      <Filter>Source</Filter>
    </ClCompile>
    <ClCompile Include="..\handler.cpp">
      <Filter>Source</Filter>
    </ClCompile>
    <ClCompile Include="..\help.cpp">
      <Filter>Source</Filter>
    </ClCompile>
    <ClCompile Include="..\helpers.cpp">
      <Filter>Source</Filter>
    </ClCompile>
    <ClCompile Include="..\main.cpp">
      <Filter>Source</Filter>
    </ClCompile>
    <ClCompile Include="..\output.cpp">
      <Filter>Source</Filter>
    </ClCompile>
    <ClCompile Include="..\perr.cpp">
      <Filter>Source</Filter>
    </ClCompile>
    <ClCompile Include="..\pch.cpp">
      <Filter>Source</Filter>
    </ClCompile>
  </ItemGroup>
  <ItemGroup>
    <ClInclude Include="..\header.h">
      <Filter>Headers</Filter>
    </ClInclude>
    <ClInclude Include="..\cpuload.h">
      <Filter>Headers</Filter>
    </ClInclude>
  </ItemGroup>
  <ItemGroup>
    <None Include="..\.github\workflows\main.yml">
      <Filter>Workflows</Filter>
    </None>
    <None Include="..\.github\workflows\codeql-analysis.yml">
      <Filter>Workflows</Filter>
    </None>
    <None Include="..\.clang-format" />
    <None Include="..\LICENSE" />
    <None Include="..\README.md" />
  </ItemGroup>
</Project>
